
Microsoft Visual Studio Solution File, Format Version 12.00
# Visual Studio Version 17
VisualStudioVersion = 17.4.33205.214
MinimumVisualStudioVersion = 10.0.40219.1
Project("{FAE04EC0-301F-11D3-BF4B-00C04F79EFBC}") = "BasicProgram", "BasicProgram\BasicProgram.csproj", "{CFB60B54-3A5C-49D9-97EE-150EA4399CF5}"
EndProject
Global
	GlobalSection(SolutionConfigurationPlatforms) = preSolution
		Debug|Any CPU = Debug|Any CPU
		Release|Any CPU = Release|Any CPU
	EndGlobalSection
	GlobalSection(ProjectConfigurationPlatforms) = postSolution
		{CFB60B54-3A5C-49D9-97EE-150EA4399CF5}.Debug|Any CPU.ActiveCfg = Debug|Any CPU
		{CFB60B54-3A5C-49D9-97EE-150EA4399CF5}.Debug|Any CPU.Build.0 = Debug|Any CPU
		{CFB60B54-3A5C-49D9-97EE-150EA4399CF5}.Release|Any CPU.ActiveCfg = Release|Any CPU
		{CFB60B54-3A5C-49D9-97EE-150EA4399CF5}.Release|Any CPU.Build.0 = Release|Any CPU
	EndGlobalSection
	GlobalSection(SolutionProperties) = preSolution
		HideSolutionNode = FALSE
	EndGlobalSection
	GlobalSection(ExtensibilityGlobals) = postSolution
		SolutionGuid = {B7CDB18F-4AF3-4946-B6E0-497A0F6FDC27}
	EndGlobalSection
EndGlobal
